
Microsoft Visual Studio Solution File, Format Version 12.00
# Visual Studio 15
VisualStudioVersion = 15.0.28307.168
MinimumVisualStudioVersion = 10.0.40219.1
Project("{FAE04EC0-301F-11D3-BF4B-00C04F79EFBC}") = "Racebet", "Racebet\Racebet.csproj", "{FB753294-7D3B-41A5-BDF9-C807DDCAA02D}"
EndProject
Project("{FAE04EC0-301F-11D3-BF4B-00C04F79EFBC}") = "EF", "..\EF\EF.csproj", "{088377B9-6771-403B-98C1-5FFC15D7DE89}"
EndProject
Global
	GlobalSection(SolutionConfigurationPlatforms) = preSolution
		Debug|Any CPU = Debug|Any CPU
		Release|Any CPU = Release|Any CPU
	EndGlobalSection
	GlobalSection(ProjectConfigurationPlatforms) = postSolution
		{FB753294-7D3B-41A5-BDF9-C807DDCAA02D}.Debug|Any CPU.ActiveCfg = Debug|Any CPU
		{FB753294-7D3B-41A5-BDF9-C807DDCAA02D}.Debug|Any CPU.Build.0 = Debug|Any CPU
		{FB753294-7D3B-41A5-BDF9-C807DDCAA02D}.Release|Any CPU.ActiveCfg = Release|Any CPU
		{FB753294-7D3B-41A5-BDF9-C807DDCAA02D}.Release|Any CPU.Build.0 = Release|Any CPU
		{088377B9-6771-403B-98C1-5FFC15D7DE89}.Debug|Any CPU.ActiveCfg = Debug|Any CPU
		{088377B9-6771-403B-98C1-5FFC15D7DE89}.Debug|Any CPU.Build.0 = Debug|Any CPU
		{088377B9-6771-403B-98C1-5FFC15D7DE89}.Release|Any CPU.ActiveCfg = Release|Any CPU
		{088377B9-6771-403B-98C1-5FFC15D7DE89}.Release|Any CPU.Build.0 = Release|Any CPU
	EndGlobalSection
	GlobalSection(SolutionProperties) = preSolution
		HideSolutionNode = FALSE
	EndGlobalSection
	GlobalSection(ExtensibilityGlobals) = postSolution
		SolutionGuid = {E8C8EE9D-1889-4019-88C9-7CED0ED8B8F4}
	EndGlobalSection
EndGlobal
